
Microsoft Visual Studio Solution File, Format Version 12.00
# Visual Studio 15
VisualStudioVersion = 15.0.28307.421
MinimumVisualStudioVersion = 10.0.40219.1
Project("{8BC9CEB8-8B4A-11D0-8D11-00A0C91BC942}") = "OOP_Classes_Kevin_Cassada", "OOP_Classes_Kevin_Cassada\OOP_Classes_Kevin_Cassada.vcxproj", "{329BA97A-D233-4208-AA4D-7F0ABB968B38}"
EndProject
Global
	GlobalSection(SolutionConfigurationPlatforms) = preSolution
		Debug|x64 = Debug|x64
		Debug|x86 = Debug|x86
		Release|x64 = Release|x64
		Release|x86 = Release|x86
	EndGlobalSection
	GlobalSection(ProjectConfigurationPlatforms) = postSolution
		{329BA97A-D233-4208-AA4D-7F0ABB968B38}.Debug|x64.ActiveCfg = Debug|x64
		{329BA97A-D233-4208-AA4D-7F0ABB968B38}.Debug|x64.Build.0 = Debug|x64
		{329BA97A-D233-4208-AA4D-7F0ABB968B38}.Debug|x86.ActiveCfg = Debug|Win32
		{329BA97A-D233-4208-AA4D-7F0ABB968B38}.Debug|x86.Build.0 = Debug|Win32
		{329BA97A-D233-4208-AA4D-7F0ABB968B38}.Release|x64.ActiveCfg = Release|x64
		{329BA97A-D233-4208-AA4D-7F0ABB968B38}.Release|x64.Build.0 = Release|x64
		{329BA97A-D233-4208-AA4D-7F0ABB968B38}.Release|x86.ActiveCfg = Release|Win32
		{329BA97A-D233-4208-AA4D-7F0ABB968B38}.Release|x86.Build.0 = Release|Win32
	EndGlobalSection
	GlobalSection(SolutionProperties) = preSolution
		HideSolutionNode = FALSE
	EndGlobalSection
	GlobalSection(ExtensibilityGlobals) = postSolution
		SolutionGuid = {9A6F86F3-F3CE-4A48-B4C4-FF4ADA7AD789}
	EndGlobalSection
EndGlobal
